
Microsoft Visual Studio Solution File, Format Version 12.00
# Visual Studio Version 17
VisualStudioVersion = 17.10.35027.167
MinimumVisualStudioVersion = 10.0.40219.1
Project("{FAE04EC0-301F-11D3-BF4B-00C04F79EFBC}") = "StaticFilesExample", "StaticFilesExample\StaticFilesExample.csproj", "{39A03E7E-263B-43E0-AFF7-150B4EFB5BB8}"
EndProject
Global
	GlobalSection(SolutionConfigurationPlatforms) = preSolution
		Debug|Any CPU = Debug|Any CPU
		Release|Any CPU = Release|Any CPU
	EndGlobalSection
	GlobalSection(ProjectConfigurationPlatforms) = postSolution
		{39A03E7E-263B-43E0-AFF7-150B4EFB5BB8}.Debug|Any CPU.ActiveCfg = Debug|Any CPU
		{39A03E7E-263B-43E0-AFF7-150B4EFB5BB8}.Debug|Any CPU.Build.0 = Debug|Any CPU
		{39A03E7E-263B-43E0-AFF7-150B4EFB5BB8}.Release|Any CPU.ActiveCfg = Release|Any CPU
		{39A03E7E-263B-43E0-AFF7-150B4EFB5BB8}.Release|Any CPU.Build.0 = Release|Any CPU
	EndGlobalSection
	GlobalSection(SolutionProperties) = preSolution
		HideSolutionNode = FALSE
	EndGlobalSection
	GlobalSection(ExtensibilityGlobals) = postSolution
		SolutionGuid = {FB902EEF-FBA6-40C6-8A66-30B18AEB7D48}
	EndGlobalSection
EndGlobal
